{
    "_meta": {
        "hash": {
            "sha256": "246669f115e6ca98ac0e523e466c871fc07726479be6c1368d43f18074b84cc5"
        },
        "pipfile-spec": 6,
        "requires": {
            "python_version": "3.12"
        },
        "sources": [
            {
                "name": "pypi",
                "url": "https://jfrogghdemo.jfrog.io/artifactory/dependabot-pip",
                "verify_ssl": true
            }
        ]
    },
    "default": {
        "structlog": {
            "hashes": [
                "sha256:843fe4f254540329f380812cbe612e1af5ec5b8172205ae634679cd35a6d6321"
            ],
            "index": "pypi",
            "version": "==25.1.0"
        }
    },
    "develop": {}
}
